
Microsoft Visual Studio Solution File, Format Version 12.00
# Visual Studio Version 16
VisualStudioVersion = 16.0.31624.102
MinimumVisualStudioVersion = 10.0.40219.1
Project("{FAE04EC0-301F-11D3-BF4B-00C04F79EFBC}") = "while 1", "while 1\while 1.csproj", "{55A6AEFA-1C78-405D-9F00-00FD51DF79C8}"
EndProject
Project("{FAE04EC0-301F-11D3-BF4B-00C04F79EFBC}") = "while 2", "while 2\while 2.csproj", "{6209CFF1-654A-4C42-AD53-1CA928D647C6}"
EndProject
Project("{FAE04EC0-301F-11D3-BF4B-00C04F79EFBC}") = "while 3", "while 3\while 3.csproj", "{8EC82E5A-D94A-4C2E-A376-8B8A9530645F}"
EndProject
Project("{FAE04EC0-301F-11D3-BF4B-00C04F79EFBC}") = "while 4", "while 4\while 4.csproj", "{F906BA50-89AB-487B-9F2D-1B24FDE3DE5C}"
EndProject
Global
	GlobalSection(SolutionConfigurationPlatforms) = preSolution
		Debug|Any CPU = Debug|Any CPU
		Release|Any CPU = Release|Any CPU
	EndGlobalSection
	GlobalSection(ProjectConfigurationPlatforms) = postSolution
		{55A6AEFA-1C78-405D-9F00-00FD51DF79C8}.Debug|Any CPU.ActiveCfg = Debug|Any CPU
		{55A6AEFA-1C78-405D-9F00-00FD51DF79C8}.Debug|Any CPU.Build.0 = Debug|Any CPU
		{55A6AEFA-1C78-405D-9F00-00FD51DF79C8}.Release|Any CPU.ActiveCfg = Release|Any CPU
		{55A6AEFA-1C78-405D-9F00-00FD51DF79C8}.Release|Any CPU.Build.0 = Release|Any CPU
		{6209CFF1-654A-4C42-AD53-1CA928D647C6}.Debug|Any CPU.ActiveCfg = Debug|Any CPU
		{6209CFF1-654A-4C42-AD53-1CA928D647C6}.Debug|Any CPU.Build.0 = Debug|Any CPU
		{6209CFF1-654A-4C42-AD53-1CA928D647C6}.Release|Any CPU.ActiveCfg = Release|Any CPU
		{6209CFF1-654A-4C42-AD53-1CA928D647C6}.Release|Any CPU.Build.0 = Release|Any CPU
		{8EC82E5A-D94A-4C2E-A376-8B8A9530645F}.Debug|Any CPU.ActiveCfg = Debug|Any CPU
		{8EC82E5A-D94A-4C2E-A376-8B8A9530645F}.Debug|Any CPU.Build.0 = Debug|Any CPU
		{8EC82E5A-D94A-4C2E-A376-8B8A9530645F}.Release|Any CPU.ActiveCfg = Release|Any CPU
		{8EC82E5A-D94A-4C2E-A376-8B8A9530645F}.Release|Any CPU.Build.0 = Release|Any CPU
		{F906BA50-89AB-487B-9F2D-1B24FDE3DE5C}.Debug|Any CPU.ActiveCfg = Debug|Any CPU
		{F906BA50-89AB-487B-9F2D-1B24FDE3DE5C}.Debug|Any CPU.Build.0 = Debug|Any CPU
		{F906BA50-89AB-487B-9F2D-1B24FDE3DE5C}.Release|Any CPU.ActiveCfg = Release|Any CPU
		{F906BA50-89AB-487B-9F2D-1B24FDE3DE5C}.Release|Any CPU.Build.0 = Release|Any CPU
	EndGlobalSection
	GlobalSection(SolutionProperties) = preSolution
		HideSolutionNode = FALSE
	EndGlobalSection
	GlobalSection(ExtensibilityGlobals) = postSolution
		SolutionGuid = {7846D95E-42C8-4AC0-AAED-D0C99B71198D}
	EndGlobalSection
EndGlobal
