
Microsoft Visual Studio Solution File, Format Version 12.00
# Visual Studio Version 16
VisualStudioVersion = 16.0.31624.102
MinimumVisualStudioVersion = 10.0.40219.1
Project("{FAE04EC0-301F-11D3-BF4B-00C04F79EFBC}") = "Way to a shop", "Way to a shop\Way to a shop.csproj", "{B6C981EF-2D6B-4E0C-BD4E-659FEEC255D7}"
EndProject
Project("{FAE04EC0-301F-11D3-BF4B-00C04F79EFBC}") = "variable for 1", "variable for 1\variable for 1.csproj", "{87EC51FD-3D75-469D-9665-A25F21A95D33}"
EndProject
Project("{FAE04EC0-301F-11D3-BF4B-00C04F79EFBC}") = "variable for 2", "variable for 2\variable for 2.csproj", "{49E28EFB-F0E1-497D-8DA6-404BB0DB11B3}"
EndProject
Project("{FAE04EC0-301F-11D3-BF4B-00C04F79EFBC}") = "variable for 3", "variable for 3\variable for 3.csproj", "{CED9FDA9-911A-46AA-81DC-84DB57E3D607}"
EndProject
Project("{FAE04EC0-301F-11D3-BF4B-00C04F79EFBC}") = "variable for 4", "variable for 4\variable for 4.csproj", "{7F40E12A-977A-42B8-9DF2-5583EED662A9}"
EndProject
Global
	GlobalSection(SolutionConfigurationPlatforms) = preSolution
		Debug|Any CPU = Debug|Any CPU
		Release|Any CPU = Release|Any CPU
	EndGlobalSection
	GlobalSection(ProjectConfigurationPlatforms) = postSolution
		{B6C981EF-2D6B-4E0C-BD4E-659FEEC255D7}.Debug|Any CPU.ActiveCfg = Debug|Any CPU
		{B6C981EF-2D6B-4E0C-BD4E-659FEEC255D7}.Debug|Any CPU.Build.0 = Debug|Any CPU
		{B6C981EF-2D6B-4E0C-BD4E-659FEEC255D7}.Release|Any CPU.ActiveCfg = Release|Any CPU
		{B6C981EF-2D6B-4E0C-BD4E-659FEEC255D7}.Release|Any CPU.Build.0 = Release|Any CPU
		{87EC51FD-3D75-469D-9665-A25F21A95D33}.Debug|Any CPU.ActiveCfg = Debug|Any CPU
		{87EC51FD-3D75-469D-9665-A25F21A95D33}.Debug|Any CPU.Build.0 = Debug|Any CPU
		{87EC51FD-3D75-469D-9665-A25F21A95D33}.Release|Any CPU.ActiveCfg = Release|Any CPU
		{87EC51FD-3D75-469D-9665-A25F21A95D33}.Release|Any CPU.Build.0 = Release|Any CPU
		{49E28EFB-F0E1-497D-8DA6-404BB0DB11B3}.Debug|Any CPU.ActiveCfg = Debug|Any CPU
		{49E28EFB-F0E1-497D-8DA6-404BB0DB11B3}.Debug|Any CPU.Build.0 = Debug|Any CPU
		{49E28EFB-F0E1-497D-8DA6-404BB0DB11B3}.Release|Any CPU.ActiveCfg = Release|Any CPU
		{49E28EFB-F0E1-497D-8DA6-404BB0DB11B3}.Release|Any CPU.Build.0 = Release|Any CPU
		{CED9FDA9-911A-46AA-81DC-84DB57E3D607}.Debug|Any CPU.ActiveCfg = Debug|Any CPU
		{CED9FDA9-911A-46AA-81DC-84DB57E3D607}.Debug|Any CPU.Build.0 = Debug|Any CPU
		{CED9FDA9-911A-46AA-81DC-84DB57E3D607}.Release|Any CPU.ActiveCfg = Release|Any CPU
		{CED9FDA9-911A-46AA-81DC-84DB57E3D607}.Release|Any CPU.Build.0 = Release|Any CPU
		{7F40E12A-977A-42B8-9DF2-5583EED662A9}.Debug|Any CPU.ActiveCfg = Debug|Any CPU
		{7F40E12A-977A-42B8-9DF2-5583EED662A9}.Debug|Any CPU.Build.0 = Debug|Any CPU
		{7F40E12A-977A-42B8-9DF2-5583EED662A9}.Release|Any CPU.ActiveCfg = Release|Any CPU
		{7F40E12A-977A-42B8-9DF2-5583EED662A9}.Release|Any CPU.Build.0 = Release|Any CPU
	EndGlobalSection
	GlobalSection(SolutionProperties) = preSolution
		HideSolutionNode = FALSE
	EndGlobalSection
	GlobalSection(ExtensibilityGlobals) = postSolution
		SolutionGuid = {28B9D9ED-FFD8-40B2-85D4-26BD9E2F0D16}
	EndGlobalSection
EndGlobal
