
Microsoft Visual Studio Solution File, Format Version 12.00
# Visual Studio Version 16
VisualStudioVersion = 16.0.31624.102
MinimumVisualStudioVersion = 10.0.40219.1
Project("{FAE04EC0-301F-11D3-BF4B-00C04F79EFBC}") = "cycle for 1", "cycle for 1\cycle for 1.csproj", "{CED404E1-778B-4997-88A5-512FE5F053C4}"
EndProject
Project("{FAE04EC0-301F-11D3-BF4B-00C04F79EFBC}") = "cycle for 2", "cycle for 2\cycle for 2.csproj", "{9C967E17-477F-47DB-9307-212C60C299D9}"
EndProject
Project("{FAE04EC0-301F-11D3-BF4B-00C04F79EFBC}") = "cycle for 3", "cycle for 3\cycle for 3.csproj", "{940CE557-AFF4-4ECB-927C-F40331460E1E}"
EndProject
Project("{FAE04EC0-301F-11D3-BF4B-00C04F79EFBC}") = "cycle for 4", "cycle for 4\cycle for 4.csproj", "{D4CFDFFD-6ABC-463E-BFC4-791CAF20649D}"
EndProject
Project("{FAE04EC0-301F-11D3-BF4B-00C04F79EFBC}") = "cycle for 5", "cycle for 5\cycle for 5.csproj", "{A7D71693-B938-4626-8069-BDE273FC4860}"
EndProject
Global
	GlobalSection(SolutionConfigurationPlatforms) = preSolution
		Debug|Any CPU = Debug|Any CPU
		Release|Any CPU = Release|Any CPU
	EndGlobalSection
	GlobalSection(ProjectConfigurationPlatforms) = postSolution
		{CED404E1-778B-4997-88A5-512FE5F053C4}.Debug|Any CPU.ActiveCfg = Debug|Any CPU
		{CED404E1-778B-4997-88A5-512FE5F053C4}.Debug|Any CPU.Build.0 = Debug|Any CPU
		{CED404E1-778B-4997-88A5-512FE5F053C4}.Release|Any CPU.ActiveCfg = Release|Any CPU
		{CED404E1-778B-4997-88A5-512FE5F053C4}.Release|Any CPU.Build.0 = Release|Any CPU
		{9C967E17-477F-47DB-9307-212C60C299D9}.Debug|Any CPU.ActiveCfg = Debug|Any CPU
		{9C967E17-477F-47DB-9307-212C60C299D9}.Debug|Any CPU.Build.0 = Debug|Any CPU
		{9C967E17-477F-47DB-9307-212C60C299D9}.Release|Any CPU.ActiveCfg = Release|Any CPU
		{9C967E17-477F-47DB-9307-212C60C299D9}.Release|Any CPU.Build.0 = Release|Any CPU
		{940CE557-AFF4-4ECB-927C-F40331460E1E}.Debug|Any CPU.ActiveCfg = Debug|Any CPU
		{940CE557-AFF4-4ECB-927C-F40331460E1E}.Debug|Any CPU.Build.0 = Debug|Any CPU
		{940CE557-AFF4-4ECB-927C-F40331460E1E}.Release|Any CPU.ActiveCfg = Release|Any CPU
		{940CE557-AFF4-4ECB-927C-F40331460E1E}.Release|Any CPU.Build.0 = Release|Any CPU
		{D4CFDFFD-6ABC-463E-BFC4-791CAF20649D}.Debug|Any CPU.ActiveCfg = Debug|Any CPU
		{D4CFDFFD-6ABC-463E-BFC4-791CAF20649D}.Debug|Any CPU.Build.0 = Debug|Any CPU
		{D4CFDFFD-6ABC-463E-BFC4-791CAF20649D}.Release|Any CPU.ActiveCfg = Release|Any CPU
		{D4CFDFFD-6ABC-463E-BFC4-791CAF20649D}.Release|Any CPU.Build.0 = Release|Any CPU
		{A7D71693-B938-4626-8069-BDE273FC4860}.Debug|Any CPU.ActiveCfg = Debug|Any CPU
		{A7D71693-B938-4626-8069-BDE273FC4860}.Debug|Any CPU.Build.0 = Debug|Any CPU
		{A7D71693-B938-4626-8069-BDE273FC4860}.Release|Any CPU.ActiveCfg = Release|Any CPU
		{A7D71693-B938-4626-8069-BDE273FC4860}.Release|Any CPU.Build.0 = Release|Any CPU
	EndGlobalSection
	GlobalSection(SolutionProperties) = preSolution
		HideSolutionNode = FALSE
	EndGlobalSection
	GlobalSection(ExtensibilityGlobals) = postSolution
		SolutionGuid = {CB10E7D8-9BF1-49DE-AE94-2639388A70E9}
	EndGlobalSection
EndGlobal
